PODS:
  - FlutterMacOS (1.0.0)
  - led_counter (0.0.1):
    - FlutterMacOS

DEPENDENCIES:
  - FlutterMacOS (from `Flutter/ephemeral`)
  - led_counter (from `Flutter/ephemeral/.symlinks/plugins/led_counter/macos`)

EXTERNAL SOURCES:
  FlutterMacOS:
    :path: Flutter/ephemeral
  led_counter:
    :path: Flutter/ephemeral/.symlinks/plugins/led_counter/macos

SPEC CHECKSUMS:
  FlutterMacOS: 8f6f14fa908a6fb3fba0cd85dbd81ec4b251fb24
  led_counter: 0eb9923a1adc583880bf2acdb0678d99bd0d39b1

PODFILE CHECKSUM: 236401fc2c932af29a9fcf0e97baeeb2d750d367

COCOAPODS: 1.12.0
